[[package]]
name = "appdirs"
version = "1.4.4"
description = "A small Python module for determining appropriate platform-specific dirs, e.g. a \"user data dir\"."
category = "main"
optional = true
python-versions = "*"

[[package]]
name = "black"
version = "21.12b0"
description = "The uncompromising code formatter."
category = "main"
optional = false
python-versions = ">=3.6.2"

[package.dependencies]
click = ">=7.1.2"
mypy-extensions = ">=0.4.3"
pathspec = ">=0.9.0,<1"
platformdirs = ">=2"
tomli = ">=0.2.6,<2.0.0"
typing-extensions = [
    {version = ">=3.10.0.0", markers = "python_version < \"3.10\""},
    {version = "!=3.10.0.1", markers = "python_version >= \"3.10\""},
]

[package.extras]
colorama = ["colorama (>=0.4.3)"]
d = ["aiohttp (>=3.7.4)"]
jupyter = ["ipython (>=7.8.0)", "tokenize-rt (>=3.2.0)"]
python2 = ["typed-ast (>=1.4.3)"]
uvloop = ["uvloop (>=0.15.2)"]

[[package]]
name = "click"
version = "8.0.4"
description = "Composable command line interface toolkit"
category = "main"
optional = false
python-versions = ">=3.6"

[package.dependencies]
colorama = {version = "*", markers = "platform_system == \"Windows\""}

[[package]]
name = "colorama"
version = "0.4.4"
description = "Cross-platform colored terminal text."
category = "main"
optional = false
python-versions = ">=2.7, !=3.0.*, !=3.1.*, !=3.2.*, !=3.3.*, !=3.4.*"

[[package]]
name = "mako"
version = "1.2.0"
description = "A super-fast templating language that borrows the best ideas from the existing templating languages."
category = "main"
optional = true
python-versions = ">=3.7"

[package.dependencies]
MarkupSafe = ">=0.9.2"

[package.extras]
babel = ["babel"]
lingua = ["lingua"]
testing = ["pytest"]

[[package]]
name = "markupsafe"
version = "2.1.1"
description = "Safely add untrusted strings to HTML/XML markup."
category = "main"
optional = true
python-versions = ">=3.7"

[[package]]
name = "mypy-extensions"
version = "0.4.3"
description = "Experimental type system extensions for programs checked with the mypy typechecker."
category = "main"
optional = false
python-versions = "*"

[[package]]
name = "numpy"
version = "1.21.0"
description = "NumPy is the fundamental package for array computing with Python."
category = "main"
optional = false
python-versions = ">=3.7"

[[package]]
name = "nvidia-cublas-cu11"
version = "2021.12.3"
description = "CUBLAS native runtime libraries Metapackage"
category = "main"
optional = true
python-versions = "*"

[package.dependencies]
nvidia-cublas-cu116 = "*"

[package.source]
type = "legacy"
url = "https://pypi.ngc.nvidia.com"
reference = "nvidia"

[[package]]
name = "nvidia-cublas-cu116"
version = "11.8.1.74"
description = "CUBLAS native runtime libraries"
category = "main"
optional = true
python-versions = ">=3"

[package.source]
type = "legacy"
url = "https://pypi.ngc.nvidia.com"
reference = "nvidia"

[[package]]
name = "nvidia-cuda-runtime-cu11"
version = "2021.12.20"
description = "CUDA Runtime native Libraries Metapackage"
category = "main"
optional = true
python-versions = "*"

[package.dependencies]
nvidia-cuda-runtime-cu116 = "*"

[package.source]
type = "legacy"
url = "https://pypi.ngc.nvidia.com"
reference = "nvidia"

[[package]]
name = "nvidia-cuda-runtime-cu116"
version = "11.6.55"
description = "CUDA Runtime native Libraries"
category = "main"
optional = true
python-versions = ">=3"

[package.source]
type = "legacy"
url = "https://pypi.ngc.nvidia.com"
reference = "nvidia"

[[package]]
name = "nvidia-cudnn-cu11"
version = "2022.1.13"
description = "cuDNN runtime libraries Metapackage"
category = "main"
optional = true
python-versions = "*"

[package.dependencies]
nvidia-cudnn-cu115 = "*"

[package.source]
type = "legacy"
url = "https://pypi.ngc.nvidia.com"
reference = "nvidia"

[[package]]
name = "nvidia-cudnn-cu115"
version = "8.3.2.44"
description = "cuDNN runtime libraries"
category = "main"
optional = true
python-versions = ">=3"

[package.source]
type = "legacy"
url = "https://pypi.ngc.nvidia.com"
reference = "nvidia"

[[package]]
name = "nvidia-pyindex"
version = "1.0.9"
description = "A tool that adds the NVIDIA PIP Index to the environment."
category = "main"
optional = true
python-versions = "*"

[[package]]
name = "nvidia-tensorrt"
version = "8.4.0.6"
description = "A high performance deep learning inference library"
category = "main"
optional = true
python-versions = "*"

[package.dependencies]
nvidia-cublas-cu11 = "*"
nvidia-cuda-runtime-cu11 = "*"
nvidia-cudnn-cu11 = "*"

[package.extras]
numpy = ["numpy"]

[package.source]
type = "legacy"
url = "https://pypi.ngc.nvidia.com"
reference = "nvidia"

[[package]]
name = "pathspec"
version = "0.9.0"
description = "Utility library for gitignore style pattern matching of file paths."
category = "main"
optional = false
python-versions = "!=3.0.*,!=3.1.*,!=3.2.*,!=3.3.*,!=3.4.*,>=2.7"

[[package]]
name = "pillow"
version = "9.0.1"
description = "Python Imaging Library (Fork)"
category = "main"
optional = true
python-versions = ">=3.7"

[[package]]
name = "platformdirs"
version = "2.5.1"
description = "A small Python module for determining appropriate platform-specific dirs, e.g. a \"user data dir\"."
category = "main"
optional = false
python-versions = ">=3.7"

[package.extras]
docs = ["Sphinx (>=4)", "furo (>=2021.7.5b38)", "proselint (>=0.10.2)", "sphinx-autodoc-typehints (>=1.12)"]
test = ["appdirs (==1.4.4)", "pytest (>=6)", "pytest-cov (>=2.7)", "pytest-mock (>=3.6)"]

[[package]]
name = "pycuda"
version = "2021.1"
description = "Python wrapper for Nvidia CUDA"
category = "main"
optional = true
python-versions = "~=3.6"

[package.dependencies]
appdirs = ">=1.4.0"
mako = "*"
pytools = ">=2011.2"

[[package]]
name = "pyopengl"
version = "3.1.5"
description = "Standard OpenGL bindings for Python"
category = "main"
optional = true
python-versions = "*"

[[package]]
name = "pyopengl-accelerate"
version = "3.1.5"
description = "Acceleration code for PyOpenGL"
category = "main"
optional = true
python-versions = "*"

[[package]]
name = "pytools"
version = "2022.1.2"
description = "A collection of tools for Python"
category = "main"
optional = true
python-versions = "~=3.6"

[package.dependencies]
numpy = ">=1.6.0"
platformdirs = ">=2.2.0"

[[package]]
name = "tomli"
version = "1.2.3"
description = "A lil' TOML parser"
category = "main"
optional = false
python-versions = ">=3.6"

[[package]]
name = "torch"
version = "1.9.1"
description = "Tensors and Dynamic neural networks in Python with strong GPU acceleration"
category = "main"
optional = true
python-versions = ">=3.6.2"

[package.dependencies]
typing-extensions = "*"

[[package]]
name = "torchvision"
version = "0.10.1"
description = "image and video datasets and models for torch deep learning"
category = "main"
optional = true
python-versions = "*"

[package.dependencies]
numpy = "*"
pillow = ">=5.3.0"
torch = "1.9.1"

[package.extras]
scipy = ["scipy"]

[[package]]
name = "tqdm"
version = "4.63.1"
description = "Fast, Extensible Progress Meter"
category = "main"
optional = false
python-versions = "!=3.0.*,!=3.1.*,!=3.2.*,!=3.3.*,>=2.7"

[package.dependencies]
colorama = {version = "*", markers = "platform_system == \"Windows\""}

[package.extras]
dev = ["py-make (>=0.1.0)", "twine", "wheel"]
notebook = ["ipywidgets (>=6)"]
telegram = ["requests"]

[[package]]
name = "typing-extensions"
version = "4.1.1"
description = "Backported and Experimental Type Hints for Python 3.6+"
category = "main"
optional = false
python-versions = ">=3.6"

[extras]
vpf = []
vpf-opengl = ["PyOpenGL", "PyOpenGL-accelerate"]
vpf-pytorch = ["torch", "pycuda", "torchvision"]
vpf-tensorrt = ["torch", "pycuda", "torchvision", "nvidia-pyindex", "nvidia-tensorrt"]

[metadata]
lock-version = "1.1"
python-versions = "^3.8"
content-hash = "3386fb9eef1fa0e175c0bdbebaede4621ea47287685ca769801a2fbbc887bd7b"

[metadata.files]
appdirs = [
    {file = "appdirs-1.4.4-py2.py3-none-any.whl", hash = "sha256:a841dacd6b99318a741b166adb07e19ee71a274450e68237b4650ca1055ab128"},
    {file = "appdirs-1.4.4.tar.gz", hash = "sha256:7d5d0167b2b1ba821647616af46a749d1c653740dd0d2415100fe26e27afdf41"},
]
black = [
    {file = "black-21.12b0-py3-none-any.whl", hash = "sha256:a615e69ae185e08fdd73e4715e260e2479c861b5740057fde6e8b4e3b7dd589f"},
    {file = "black-21.12b0.tar.gz", hash = "sha256:77b80f693a569e2e527958459634f18df9b0ba2625ba4e0c2d5da5be42e6f2b3"},
]
click = [
    {file = "click-8.0.4-py3-none-any.whl", hash = "sha256:6a7a62563bbfabfda3a38f3023a1db4a35978c0abd76f6c9605ecd6554d6d9b1"},
    {file = "click-8.0.4.tar.gz", hash = "sha256:8458d7b1287c5fb128c90e23381cf99dcde74beaf6c7ff6384ce84d6fe090adb"},
]
colorama = [
    {file = "colorama-0.4.4-py2.py3-none-any.whl", hash = "sha256:9f47eda37229f68eee03b24b9748937c7dc3868f906e8ba69fbcbdd3bc5dc3e2"},
    {file = "colorama-0.4.4.tar.gz", hash = "sha256:5941b2b48a20143d2267e95b1c2a7603ce057ee39fd88e7329b0c292aa16869b"},
]
mako = [
    {file = "Mako-1.2.0-py3-none-any.whl", hash = "sha256:23aab11fdbbb0f1051b93793a58323ff937e98e34aece1c4219675122e57e4ba"},
    {file = "Mako-1.2.0.tar.gz", hash = "sha256:9a7c7e922b87db3686210cf49d5d767033a41d4010b284e747682c92bddd8b39"},
]
markupsafe = [
    {file = "MarkupSafe-2.1.1-cp310-cp310-macosx_10_9_universal2.whl", hash = "sha256:86b1f75c4e7c2ac2ccdaec2b9022845dbb81880ca318bb7a0a01fbf7813e3812"},
    {file = "MarkupSafe-2.1.1-cp310-cp310-macosx_10_9_x86_64.whl", hash = "sha256:f121a1420d4e173a5d96e47e9a0c0dcff965afdf1626d28de1460815f7c4ee7a"},
    {file = "MarkupSafe-2.1.1-cp310-cp310-manylinux_2_17_aarch64.manylinux2014_aarch64.whl", hash = "sha256:a49907dd8420c5685cfa064a1335b6754b74541bbb3706c259c02ed65b644b3e"},
    {file = "MarkupSafe-2.1.1-cp310-cp310-manylinux_2_17_x86_64.manylinux2014_x86_64.whl", hash = "sha256:10c1bfff05d95783da83491be968e8fe789263689c02724e0c691933c52994f5"},
    {file = "MarkupSafe-2.1.1-cp310-cp310-manylinux_2_5_i686.manylinux1_i686.manylinux_2_17_i686.manylinux2014_i686.whl", hash = "sha256:b7bd98b796e2b6553da7225aeb61f447f80a1ca64f41d83612e6139ca5213aa4"},
    {file = "MarkupSafe-2.1.1-cp310-cp310-musllinux_1_1_aarch64.whl", hash = "sha256:b09bf97215625a311f669476f44b8b318b075847b49316d3e28c08e41a7a573f"},
    {file = "MarkupSafe-2.1.1-cp310-cp310-musllinux_1_1_i686.whl", hash = "sha256:694deca8d702d5db21ec83983ce0bb4b26a578e71fbdbd4fdcd387daa90e4d5e"},
    {file = "MarkupSafe-2.1.1-cp310-cp310-musllinux_1_1_x86_64.whl", hash = "sha256:efc1913fd2ca4f334418481c7e595c00aad186563bbc1ec76067848c7ca0a933"},
    {file = "MarkupSafe-2.1.1-cp310-cp310-win32.whl", hash = "sha256:4a33dea2b688b3190ee12bd7cfa29d39c9ed176bda40bfa11099a3ce5d3a7ac6"},
    {file = "MarkupSafe-2.1.1-cp310-cp310-win_amd64.whl", hash = "sha256:dda30ba7e87fbbb7eab1ec9f58678558fd9a6b8b853530e176eabd064da81417"},
    {file = "MarkupSafe-2.1.1-cp37-cp37m-macosx_10_9_x86_64.whl", hash = "sha256:671cd1187ed5e62818414afe79ed29da836dde67166a9fac6d435873c44fdd02"},
    {file = "MarkupSafe-2.1.1-cp37-cp37m-manylinux_2_17_aarch64.manylinux2014_aarch64.whl", hash = "sha256:3799351e2336dc91ea70b034983ee71cf2f9533cdff7c14c90ea126bfd95d65a"},
    {file = "MarkupSafe-2.1.1-cp37-cp37m-manylinux_2_17_x86_64.manylinux2014_x86_64.whl", hash = "sha256:e72591e9ecd94d7feb70c1cbd7be7b3ebea3f548870aa91e2732960fa4d57a37"},
    {file = "MarkupSafe-2.1.1-cp37-cp37m-manylinux_2_5_i686.manylinux1_i686.manylinux_2_17_i686.manylinux2014_i686.whl", hash = "sha256:6fbf47b5d3728c6aea2abb0589b5d30459e369baa772e0f37a0320185e87c980"},
    {file = "MarkupSafe-2.1.1-cp37-cp37m-musllinux_1_1_aarch64.whl", hash = "sha256:d5ee4f386140395a2c818d149221149c54849dfcfcb9f1debfe07a8b8bd63f9a"},
    {file = "MarkupSafe-2.1.1-cp37-cp37m-musllinux_1_1_i686.whl", hash = "sha256:bcb3ed405ed3222f9904899563d6fc492ff75cce56cba05e32eff40e6acbeaa3"},
    {file = "MarkupSafe-2.1.1-cp37-cp37m-musllinux_1_1_x86_64.whl", hash = "sha256:e1c0b87e09fa55a220f058d1d49d3fb8df88fbfab58558f1198e08c1e1de842a"},
    {file = "MarkupSafe-2.1.1-cp37-cp37m-win32.whl", hash = "sha256:8dc1c72a69aa7e082593c4a203dcf94ddb74bb5c8a731e4e1eb68d031e8498ff"},
    {file = "MarkupSafe-2.1.1-cp37-cp37m-win_amd64.whl", hash = "sha256:97a68e6ada378df82bc9f16b800ab77cbf4b2fada0081794318520138c088e4a"},
    {file = "MarkupSafe-2.1.1-cp38-cp38-macosx_10_9_universal2.whl", hash = "sha256:e8c843bbcda3a2f1e3c2ab25913c80a3c5376cd00c6e8c4a86a89a28c8dc5452"},
    {file = "MarkupSafe-2.1.1-cp38-cp38-macosx_10_9_x86_64.whl", hash = "sha256:0212a68688482dc52b2d45013df70d169f542b7394fc744c02a57374a4207003"},
    {file = "MarkupSafe-2.1.1-cp38-cp38-manylinux_2_17_aarch64.manylinux2014_aarch64.whl", hash = "sha256:8e576a51ad59e4bfaac456023a78f6b5e6e7651dcd383bcc3e18d06f9b55d6d1"},
    {file = "MarkupSafe-2.1.1-cp38-cp38-manylinux_2_17_x86_64.manylinux2014_x86_64.whl", hash = "sha256:4b9fe39a2ccc108a4accc2676e77da025ce383c108593d65cc909add5c3bd601"},
    {file = "MarkupSafe-2.1.1-cp38-cp38-manylinux_2_5_i686.manylinux1_i686.manylinux_2_17_i686.manylinux2014_i686.whl", hash = "sha256:96e37a3dc86e80bf81758c152fe66dbf60ed5eca3d26305edf01892257049925"},
    {file = "MarkupSafe-2.1.1-cp38-cp38-musllinux_1_1_aarch64.whl", hash = "sha256:6d0072fea50feec76a4c418096652f2c3238eaa014b2f94aeb1d56a66b41403f"},
    {file = "MarkupSafe-2.1.1-cp38-cp38-musllinux_1_1_i686.whl", hash = "sha256:089cf3dbf0cd6c100f02945abeb18484bd1ee57a079aefd52cffd17fba910b88"},
    {file = "MarkupSafe-2.1.1-cp38-cp38-musllinux_1_1_x86_64.whl", hash = "sha256:6a074d34ee7a5ce3effbc526b7083ec9731bb3cbf921bbe1d3005d4d2bdb3a63"},
    {file = "MarkupSafe-2.1.1-cp38-cp38-win32.whl", hash = "sha256:421be9fbf0ffe9ffd7a378aafebbf6f4602d564d34be190fc19a193232fd12b1"},
    {file = "MarkupSafe-2.1.1-cp38-cp38-win_amd64.whl", hash = "sha256:fc7b548b17d238737688817ab67deebb30e8073c95749d55538ed473130ec0c7"},
    {file = "MarkupSafe-2.1.1-cp39-cp39-macosx_10_9_universal2.whl", hash = "sha256:e04e26803c9c3851c931eac40c695602c6295b8d432cbe78609649ad9bd2da8a"},
    {file = "MarkupSafe-2.1.1-cp39-cp39-macosx_10_9_x86_64.whl", hash = "sha256:b87db4360013327109564f0e591bd2a3b318547bcef31b468a92ee504d07ae4f"},
    {file = "MarkupSafe-2.1.1-cp39-cp39-manylinux_2_17_aarch64.manylinux2014_aarch64.whl", hash = "sha256:99a2a507ed3ac881b975a2976d59f38c19386d128e7a9a18b7df6fff1fd4c1d6"},
    {file = "MarkupSafe-2.1.1-cp39-cp39-manylinux_2_17_x86_64.manylinux2014_x86_64.whl", hash = "sha256:56442863ed2b06d19c37f94d999035e15ee982988920e12a5b4ba29b62ad1f77"},
    {file = "MarkupSafe-2.1.1-cp39-cp39-manylinux_2_5_i686.manylinux1_i686.manylinux_2_17_i686.manylinux2014_i686.whl", hash = "sha256:3ce11ee3f23f79dbd06fb3d63e2f6af7b12db1d46932fe7bd8afa259a5996603"},
    {file = "MarkupSafe-2.1.1-cp39-cp39-musllinux_1_1_aarch64.whl", hash = "sha256:33b74d289bd2f5e527beadcaa3f401e0df0a89927c1559c8566c066fa4248ab7"},
    {file = "MarkupSafe-2.1.1-cp39-cp39-musllinux_1_1_i686.whl", hash = "sha256:43093fb83d8343aac0b1baa75516da6092f58f41200907ef92448ecab8825135"},
    {file = "MarkupSafe-2.1.1-cp39-cp39-musllinux_1_1_x86_64.whl", hash = "sha256:8e3dcf21f367459434c18e71b2a9532d96547aef8a871872a5bd69a715c15f96"},
    {file = "MarkupSafe-2.1.1-cp39-cp39-win32.whl", hash = "sha256:d4306c36ca495956b6d568d276ac11fdd9c30a36f1b6eb928070dc5360b22e1c"},
    {file = "MarkupSafe-2.1.1-cp39-cp39-win_amd64.whl", hash = "sha256:46d00d6cfecdde84d40e572d63735ef81423ad31184100411e6e3388d405e247"},
    {file = "MarkupSafe-2.1.1.tar.gz", hash = "sha256:7f91197cc9e48f989d12e4e6fbc46495c446636dfc81b9ccf50bb0ec74b91d4b"},
]
mypy-extensions = [
    {file = "mypy_extensions-0.4.3-py2.py3-none-any.whl", hash = "sha256:090fedd75945a69ae91ce1303b5824f428daf5a028d2f6ab8a299250a846f15d"},
    {file = "mypy_extensions-0.4.3.tar.gz", hash = "sha256:2d82818f5bb3e369420cb3c4060a7970edba416647068eb4c5343488a6c604a8"},
]
numpy = [
    {file = "numpy-1.21.0-cp37-cp37m-macosx_10_9_x86_64.whl", hash = "sha256:d5caa946a9f55511e76446e170bdad1d12d6b54e17a2afe7b189112ed4412bb8"},
    {file = "numpy-1.21.0-cp37-cp37m-manylinux_2_12_i686.manylinux2010_i686.whl", hash = "sha256:ac4fd578322842dbda8d968e3962e9f22e862b6ec6e3378e7415625915e2da4d"},
    {file = "numpy-1.21.0-cp37-cp37m-manylinux_2_12_x86_64.manylinux2010_x86_64.whl", hash = "sha256:598fe100b2948465cf3ed64b1a326424b5e4be2670552066e17dfaa67246011d"},
    {file = "numpy-1.21.0-cp37-cp37m-manylinux_2_17_aarch64.manylinux2014_aarch64.whl", hash = "sha256:7c55407f739f0bfcec67d0df49103f9333edc870061358ac8a8c9e37ea02fcd2"},
    {file = "numpy-1.21.0-cp37-cp37m-manylinux_2_5_i686.manylinux1_i686.whl", hash = "sha256:75579acbadbf74e3afd1153da6177f846212ea2a0cc77de53523ae02c9256513"},
    {file = "numpy-1.21.0-cp37-cp37m-manylinux_2_5_x86_64.manylinux1_x86_64.whl", hash = "sha256:cc367c86eb87e5b7c9592935620f22d13b090c609f1b27e49600cd033b529f54"},
    {file = "numpy-1.21.0-cp37-cp37m-win32.whl", hash = "sha256:d89b0dc7f005090e32bb4f9bf796e1dcca6b52243caf1803fdd2b748d8561f63"},
    {file = "numpy-1.21.0-cp37-cp37m-win_amd64.whl", hash = "sha256:eda2829af498946c59d8585a9fd74da3f810866e05f8df03a86f70079c7531dd"},
    {file = "numpy-1.21.0-cp38-cp38-macosx_10_9_universal2.whl", hash = "sha256:1a784e8ff7ea2a32e393cc53eb0003eca1597c7ca628227e34ce34eb11645a0e"},
    {file = "numpy-1.21.0-cp38-cp38-macosx_10_9_x86_64.whl", hash = "sha256:bba474a87496d96e61461f7306fba2ebba127bed7836212c360f144d1e72ac54"},
    {file = "numpy-1.21.0-cp38-cp38-macosx_11_0_arm64.whl", hash = "sha256:fd0a359c1c17f00cb37de2969984a74320970e0ceef4808c32e00773b06649d9"},
    {file = "numpy-1.21.0-cp38-cp38-manylinux_2_12_i686.manylinux2010_i686.whl", hash = "sha256:e4d5a86a5257843a18fb1220c5f1c199532bc5d24e849ed4b0289fb59fbd4d8f"},
    {file = "numpy-1.21.0-cp38-cp38-manylinux_2_12_x86_64.manylinux2010_x86_64.whl", hash = "sha256:620732f42259eb2c4642761bd324462a01cdd13dd111740ce3d344992dd8492f"},
    {file = "numpy-1.21.0-cp38-cp38-manylinux_2_17_aarch64.manylinux2014_aarch64.whl", hash = "sha256:b9205711e5440954f861ceeea8f1b415d7dd15214add2e878b4d1cf2bcb1a914"},
    {file = "numpy-1.21.0-cp38-cp38-manylinux_2_5_i686.manylinux1_i686.whl", hash = "sha256:ad09f55cc95ed8d80d8ab2052f78cc21cb231764de73e229140d81ff49d8145e"},
    {file = "numpy-1.21.0-cp38-cp38-manylinux_2_5_x86_64.manylinux1_x86_64.whl", hash = "sha256:a1f2fb2da242568af0271455b89aee0f71e4e032086ee2b4c5098945d0e11cf6"},
    {file = "numpy-1.21.0-cp38-cp38-win32.whl", hash = "sha256:e58ddb53a7b4959932f5582ac455ff90dcb05fac3f8dcc8079498d43afbbde6c"},
    {file = "numpy-1.21.0-cp38-cp38-win_amd64.whl", hash = "sha256:d2910d0a075caed95de1a605df00ee03b599de5419d0b95d55342e9a33ad1fb3"},
    {file = "numpy-1.21.0-cp39-cp39-macosx_10_9_universal2.whl", hash = "sha256:a290989cd671cd0605e9c91a70e6df660f73ae87484218e8285c6522d29f6e38"},
    {file = "numpy-1.21.0-cp39-cp39-macosx_10_9_x86_64.whl", hash = "sha256:3537b967b350ad17633b35c2f4b1a1bbd258c018910b518c30b48c8e41272717"},
    {file = "numpy-1.21.0-cp39-cp39-macosx_11_0_arm64.whl", hash = "sha256:ccc6c650f8700ce1e3a77668bb7c43e45c20ac06ae00d22bdf6760b38958c883"},
    {file = "numpy-1.21.0-cp39-cp39-manylinux_2_12_i686.manylinux2010_i686.whl", hash = "sha256:709884863def34d72b183d074d8ba5cfe042bc3ff8898f1ffad0209161caaa99"},
    {file = "numpy-1.21.0-cp39-cp39-manylinux_2_12_x86_64.manylinux2010_x86_64.whl", hash = "sha256:bebab3eaf0641bba26039fb0b2c5bf9b99407924b53b1ea86e03c32c64ef5aef"},
    {file = "numpy-1.21.0-cp39-cp39-manylinux_2_17_aarch64.manylinux2014_aarch64.whl", hash = "sha256:cf680682ad0a3bef56dae200dbcbac2d57294a73e5b0f9864955e7dd7c2c2491"},
    {file = "numpy-1.21.0-cp39-cp39-win32.whl", hash = "sha256:d95d16204cd51ff1a1c8d5f9958ce90ae190be81d348b514f9be39f878b8044a"},
    {file = "numpy-1.21.0-cp39-cp39-win_amd64.whl", hash = "sha256:2ba579dde0563f47021dcd652253103d6fd66165b18011dce1a0609215b2791e"},
    {file = "numpy-1.21.0-pp37-pypy37_pp73-manylinux_2_12_x86_64.manylinux2010_x86_64.whl", hash = "sha256:3c40e6b860220ed862e8097b8f81c9af6d7405b723f4a7af24a267b46f90e461"},
    {file = "numpy-1.21.0.zip", hash = "sha256:e80fe25cba41c124d04c662f33f6364909b985f2eb5998aaa5ae4b9587242cce"},
]
nvidia-cublas-cu11 = []
nvidia-cublas-cu116 = []
nvidia-cuda-runtime-cu11 = []
nvidia-cuda-runtime-cu116 = []
nvidia-cudnn-cu11 = []
nvidia-cudnn-cu115 = []
nvidia-pyindex = [
    {file = "nvidia-pyindex-1.0.9.tar.gz", hash = "sha256:22300a8d5aff35b047830f790a737437402d96e0794037102e796edbceb2fec6"},
]
nvidia-tensorrt = []
pathspec = [
    {file = "pathspec-0.9.0-py2.py3-none-any.whl", hash = "sha256:7d15c4ddb0b5c802d161efc417ec1a2558ea2653c2e8ad9c19098201dc1c993a"},
    {file = "pathspec-0.9.0.tar.gz", hash = "sha256:e564499435a2673d586f6b2130bb5b95f04a3ba06f81b8f895b651a3c76aabb1"},
]
pillow = [
    {file = "Pillow-9.0.1-1-cp310-cp310-macosx_11_0_arm64.whl", hash = "sha256:a5d24e1d674dd9d72c66ad3ea9131322819ff86250b30dc5821cbafcfa0b96b4"},
    {file = "Pillow-9.0.1-1-cp38-cp38-macosx_11_0_arm64.whl", hash = "sha256:2632d0f846b7c7600edf53c48f8f9f1e13e62f66a6dbc15191029d950bfed976"},
    {file = "Pillow-9.0.1-1-cp39-cp39-macosx_11_0_arm64.whl", hash = "sha256:b9618823bd237c0d2575283f2939655f54d51b4527ec3972907a927acbcc5bfc"},
    {file = "Pillow-9.0.1-cp310-cp310-macosx_10_10_universal2.whl", hash = "sha256:9bfdb82cdfeccec50aad441afc332faf8606dfa5e8efd18a6692b5d6e79f00fd"},
    {file = "Pillow-9.0.1-cp310-cp310-macosx_11_0_arm64.whl", hash = "sha256:5100b45a4638e3c00e4d2320d3193bdabb2d75e79793af7c3eb139e4f569f16f"},
    {file = "Pillow-9.0.1-cp310-cp310-manylinux_2_17_aarch64.manylinux2014_aarch64.whl", hash = "sha256:528a2a692c65dd5cafc130de286030af251d2ee0483a5bf50c9348aefe834e8a"},
    {file = "Pillow-9.0.1-cp310-cp310-manylinux_2_17_i686.manylinux2014_i686.whl", hash = "sha256:0f29d831e2151e0b7b39981756d201f7108d3d215896212ffe2e992d06bfe049"},
    {file = "Pillow-9.0.1-cp310-cp310-manylinux_2_17_x86_64.manylinux2014_x86_64.whl", hash = "sha256:855c583f268edde09474b081e3ddcd5cf3b20c12f26e0d434e1386cc5d318e7a"},
    {file = "Pillow-9.0.1-cp310-cp310-win32.whl", hash = "sha256:d9d7942b624b04b895cb95af03a23407f17646815495ce4547f0e60e0b06f58e"},
    {file = "Pillow-9.0.1-cp310-cp310-win_amd64.whl", hash = "sha256:81c4b81611e3a3cb30e59b0cf05b888c675f97e3adb2c8672c3154047980726b"},
    {file = "Pillow-9.0.1-cp37-cp37m-macosx_10_10_x86_64.whl", hash = "sha256:413ce0bbf9fc6278b2d63309dfeefe452835e1c78398efb431bab0672fe9274e"},
    {file = "Pillow-9.0.1-cp37-cp37m-manylinux_2_17_aarch64.manylinux2014_aarch64.whl", hash = "sha256:80fe64a6deb6fcfdf7b8386f2cf216d329be6f2781f7d90304351811fb591360"},
    {file = "Pillow-9.0.1-cp37-cp37m-manylinux_2_17_i686.manylinux2014_i686.whl", hash = "sha256:cef9c85ccbe9bee00909758936ea841ef12035296c748aaceee535969e27d31b"},
    {file = "Pillow-9.0.1-cp37-cp37m-manylinux_2_17_x86_64.manylinux2014_x86_64.whl", hash = "sha256:1d19397351f73a88904ad1aee421e800fe4bbcd1aeee6435fb62d0a05ccd1030"},
    {file = "Pillow-9.0.1-cp37-cp37m-win32.whl", hash = "sha256:d21237d0cd37acded35154e29aec853e945950321dd2ffd1a7d86fe686814669"},
    {file = "Pillow-9.0.1-cp37-cp37m-win_amd64.whl", hash = "sha256:ede5af4a2702444a832a800b8eb7f0a7a1c0eed55b644642e049c98d589e5092"},
    {file = "Pillow-9.0.1-cp38-cp38-macosx_10_10_x86_64.whl", hash = "sha256:b5b3f092fe345c03bca1e0b687dfbb39364b21ebb8ba90e3fa707374b7915204"},
    {file = "Pillow-9.0.1-cp38-cp38-macosx_11_0_arm64.whl", hash = "sha256:335ace1a22325395c4ea88e00ba3dc89ca029bd66bd5a3c382d53e44f0ccd77e"},
    {file = "Pillow-9.0.1-cp38-cp38-manylinux_2_17_aarch64.manylinux2014_aarch64.whl", hash = "sha256:db6d9fac65bd08cea7f3540b899977c6dee9edad959fa4eaf305940d9cbd861c"},
    {file = "Pillow-9.0.1-cp38-cp38-manylinux_2_17_i686.manylinux2014_i686.whl", hash = "sha256:f154d173286a5d1863637a7dcd8c3437bb557520b01bddb0be0258dcb72696b5"},
    {file = "Pillow-9.0.1-cp38-cp38-manylinux_2_17_x86_64.manylinux2014_x86_64.whl", hash = "sha256:14d4b1341ac07ae07eb2cc682f459bec932a380c3b122f5540432d8977e64eae"},
    {file = "Pillow-9.0.1-cp38-cp38-win32.whl", hash = "sha256:effb7749713d5317478bb3acb3f81d9d7c7f86726d41c1facca068a04cf5bb4c"},
    {file = "Pillow-9.0.1-cp38-cp38-win_amd64.whl", hash = "sha256:7f7609a718b177bf171ac93cea9fd2ddc0e03e84d8fa4e887bdfc39671d46b00"},
    {file = "Pillow-9.0.1-cp39-cp39-macosx_10_10_x86_64.whl", hash = "sha256:80ca33961ced9c63358056bd08403ff866512038883e74f3a4bf88ad3eb66838"},
    {file = "Pillow-9.0.1-cp39-cp39-macosx_11_0_arm64.whl", hash = "sha256:1c3c33ac69cf059bbb9d1a71eeaba76781b450bc307e2291f8a4764d779a6b28"},
    {file = "Pillow-9.0.1-cp39-cp39-manylinux_2_17_aarch64.manylinux2014_aarch64.whl", hash = "sha256:12875d118f21cf35604176872447cdb57b07126750a33748bac15e77f90f1f9c"},
    {file = "Pillow-9.0.1-cp39-cp39-manylinux_2_17_i686.manylinux2014_i686.whl", hash = "sha256:514ceac913076feefbeaf89771fd6febde78b0c4c1b23aaeab082c41c694e81b"},
    {file = "Pillow-9.0.1-cp39-cp39-manylinux_2_17_x86_64.manylinux2014_x86_64.whl", hash = "sha256:d3c5c79ab7dfce6d88f1ba639b77e77a17ea33a01b07b99840d6ed08031cb2a7"},
    {file = "Pillow-9.0.1-cp39-cp39-win32.whl", hash = "sha256:718856856ba31f14f13ba885ff13874be7fefc53984d2832458f12c38205f7f7"},
    {file = "Pillow-9.0.1-cp39-cp39-win_amd64.whl", hash = "sha256:f25ed6e28ddf50de7e7ea99d7a976d6a9c415f03adcaac9c41ff6ff41b6d86ac"},
    {file = "Pillow-9.0.1-pp37-pypy37_pp73-macosx_10_10_x86_64.whl", hash = "sha256:011233e0c42a4a7836498e98c1acf5e744c96a67dd5032a6f666cc1fb97eab97"},
    {file = "Pillow-9.0.1-pp37-pypy37_pp73-manylinux_2_17_i686.manylinux2014_i686.whl", hash = "sha256:253e8a302a96df6927310a9d44e6103055e8fb96a6822f8b7f514bb7ef77de56"},
    {file = "Pillow-9.0.1-pp37-pypy37_pp73-manylinux_2_17_x86_64.manylinux2014_x86_64.whl", hash = "sha256:6295f6763749b89c994fcb6d8a7f7ce03c3992e695f89f00b741b4580b199b7e"},
    {file = "Pillow-9.0.1-pp38-pypy38_pp73-win_amd64.whl", hash = "sha256:a9f44cd7e162ac6191491d7249cceb02b8116b0f7e847ee33f739d7cb1ea1f70"},
    {file = "Pillow-9.0.1.tar.gz", hash = "sha256:6c8bc8238a7dfdaf7a75f5ec5a663f4173f8c367e5a39f87e720495e1eed75fa"},
]
platformdirs = [
    {file = "platformdirs-2.5.1-py3-none-any.whl", hash = "sha256:bcae7cab893c2d310a711b70b24efb93334febe65f8de776ee320b517471e227"},
    {file = "platformdirs-2.5.1.tar.gz", hash = "sha256:7535e70dfa32e84d4b34996ea99c5e432fa29a708d0f4e394bbcb2a8faa4f16d"},
]
pycuda = [
    {file = "pycuda-2021.1.tar.gz", hash = "sha256:ab87312d0fc349d9c17294a087bb9615cffcf966ad7b115f5b051008a48dd6ed"},
]
pyopengl = [
    {file = "PyOpenGL-3.1.5-py2-none-any.whl", hash = "sha256:11ad32c7bde7ea0ffb7a94dd552c639ca72376982a8dd6fe0c092d2002a4ca6e"},
    {file = "PyOpenGL-3.1.5-py3-none-any.whl", hash = "sha256:36b4ac28220e4bfa29e5557525ad2967ca74558a94bccea48864fc742b18db11"},
    {file = "PyOpenGL-3.1.5.tar.gz", hash = "sha256:4107ba0d0390da5766a08c242cf0cf3404c377ed293c5f6d701e457c57ba3424"},
]
pyopengl-accelerate = [
    {file = "PyOpenGL-accelerate-3.1.5.tar.gz", hash = "sha256:12e5518b0216a478527c7ce5ddce623c3d0517adeb87226da767772e8b7f2f06"},
    {file = "PyOpenGL_accelerate-3.1.5-cp26-cp26m-win32.whl", hash = "sha256:1544c4d8b9cd3de6ea9c03134c09e73ea2e64ae47f74e777bf165ddd6440a690"},
    {file = "PyOpenGL_accelerate-3.1.5-cp26-cp26m-win_amd64.whl", hash = "sha256:c9e4e46cd93125f478f61645f813c852d6c066265b656a32912de435f088adce"},
    {file = "PyOpenGL_accelerate-3.1.5-cp27-cp27m-win32.whl", hash = "sha256:1528f7aa309ac97a33f47254fe98f1722f2b1d3f6ae6c6c711f79fd1344cec6a"},
    {file = "PyOpenGL_accelerate-3.1.5-cp27-cp27m-win_amd64.whl", hash = "sha256:a10359165aeffc78060255d6f999db9bf9f6fa4c1fc86493a69aeaf8b559ea50"},
    {file = "PyOpenGL_accelerate-3.1.5-cp34-cp34m-win32.whl", hash = "sha256:c96478b98a15bc64c507c33cdaff09a39c564868860206efae06afe70fcff4e6"},
    {file = "PyOpenGL_accelerate-3.1.5-cp34-cp34m-win_amd64.whl", hash = "sha256:a029c821e3b0a7b16d28e3ab4b49e9c9891f27fde0116c2c2a7bf9399ce34935"},
    {file = "PyOpenGL_accelerate-3.1.5-cp35-cp35m-win32.whl", hash = "sha256:d6cd74d37cf370d897b912b11afc3466bf415f861b4fb124eaa7733672712472"},
    {file = "PyOpenGL_accelerate-3.1.5-cp35-cp35m-win_amd64.whl", hash = "sha256:1fffceb8bf5430d15d60da6290671554a33b8c1a5a49e689639e03629bc5f03a"},
    {file = "PyOpenGL_accelerate-3.1.5-cp36-cp36m-win32.whl", hash = "sha256:79d0b9979fbdb9c8e964f1946ea5a91a39a6b99e2742e9294a7c8dfe3bbd0942"},
    {file = "PyOpenGL_accelerate-3.1.5-cp36-cp36m-win_amd64.whl", hash = "sha256:24d9c78edf6a9ca2e4a924370c1125459849be6ab03d285722b8e566713db35f"},
    {file = "PyOpenGL_accelerate-3.1.5-cp37-cp37m-win32.whl", hash = "sha256:d1f7c22a6ac8d4815a24de4806ff80efe51ee20c991c39ca0956d60ff60b628d"},
    {file = "PyOpenGL_accelerate-3.1.5-cp37-cp37m-win_amd64.whl", hash = "sha256:7f40ade60a84b58a39809aec22dac71ed353a912df98dad74e4f66d76ee83184"},
    {file = "PyOpenGL_accelerate-3.1.5-cp38-cp38-win32.whl", hash = "sha256:45ee0631d7a8cfafa8db9968eebc661651541dae013c51e8be442f38ecccefd8"},
    {file = "PyOpenGL_accelerate-3.1.5-cp38-cp38-win_amd64.whl", hash = "sha256:c8521040abe9a3e54215df44987375ddb8595e8807d748c3cc9973f81c1d9d43"},
]
pytools = [
    {file = "pytools-2022.1.2.tar.gz", hash = "sha256:5e824101880a246354756365880a65bb416f6a8cab6513b68fcbb48fba090fcb"},
]
tomli = [
    {file = "tomli-1.2.3-py3-none-any.whl", hash = "sha256:e3069e4be3ead9668e21cb9b074cd948f7b3113fd9c8bba083f48247aab8b11c"},
    {file = "tomli-1.2.3.tar.gz", hash = "sha256:05b6166bff487dc068d322585c7ea4ef78deed501cc124060e0f238e89a9231f"},
]
torch = [
    {file = "torch-1.9.1-cp36-cp36m-manylinux1_x86_64.whl", hash = "sha256:06435080ba0a2c8f88b65af0550b973c5aa7771eacd9b17f69057fc7436a8ae2"},
    {file = "torch-1.9.1-cp36-cp36m-win_amd64.whl", hash = "sha256:b92f934b3c95578b3fd37cc06afca208d63f02b0d01b806e979cb4e46124a7f8"},
    {file = "torch-1.9.1-cp36-none-macosx_10_9_x86_64.whl", hash = "sha256:54dacb6a3f63c54334fadbf22fb6e9ee865085a4e0368962edff5babda057606"},
    {file = "torch-1.9.1-cp37-cp37m-manylinux1_x86_64.whl", hash = "sha256:dd3ca91dc1a9fe3fbcddf035cb2fb8be44d57a527b845cd196ba69249adecccf"},
    {file = "torch-1.9.1-cp37-cp37m-win_amd64.whl", hash = "sha256:42ca081a2e0e759844e70cad7efd8fcfb2f81634dffa73a226564eb83d989e5b"},
    {file = "torch-1.9.1-cp37-none-macosx_10_9_x86_64.whl", hash = "sha256:335961a5c893f7b33b29aecbc19382a1a1b0106b3457a1c45148e1e14f8f5e09"},
    {file = "torch-1.9.1-cp38-cp38-manylinux1_x86_64.whl", hash = "sha256:1fb49ca0ca8edefbb3f47f6801482144c3a746ec21a65eb3f0839a1d8fb24705"},
    {file = "torch-1.9.1-cp38-cp38-win_amd64.whl", hash = "sha256:936d303c5e1d60259fb71d95a33e84d84fececa25a0fae112f6a23286ff183c8"},
    {file = "torch-1.9.1-cp38-none-macosx_10_9_x86_64.whl", hash = "sha256:351dda9f483486bec66ed838234e96f077e6886c88110bb1e2f4a708ed2356ce"},
    {file = "torch-1.9.1-cp39-cp39-manylinux1_x86_64.whl", hash = "sha256:35ec703bc535bde7e8790ab9500f02d4413d995ac981520501fde95e268781e1"},
    {file = "torch-1.9.1-cp39-cp39-win_amd64.whl", hash = "sha256:e470697006a4c08e4fb6a645e8ca49b0d36c8e7ccf413deef5161335bd7399f1"},
    {file = "torch-1.9.1-cp39-none-macosx_10_9_x86_64.whl", hash = "sha256:a198332e2d344d25e423ae2df98d56d83060f19e9f4cf23164dffc8d403efeb8"},
]
torchvision = [
    {file = "torchvision-0.10.1-cp36-cp36m-macosx_10_9_x86_64.whl", hash = "sha256:bc99a984b162ee5626787eaee885d9fec1a5f16837f9d0c8223cca3269b9e47d"},
    {file = "torchvision-0.10.1-cp36-cp36m-manylinux1_x86_64.whl", hash = "sha256:46a70a30ea7aeab63e67504778f2565fbb1c153fdd8e1a8c6a22193aec4dbddd"},
    {file = "torchvision-0.10.1-cp36-cp36m-win_amd64.whl", hash = "sha256:e504d9d51eae60a98925aee4a3fd58655abd5669659ad7431f7791a93af166fc"},
    {file = "torchvision-0.10.1-cp37-cp37m-macosx_10_9_x86_64.whl", hash = "sha256:cd7e2b1a89d5a08f24325fc12441f5ba2822f407489377ac7841bf351a1f4d37"},
    {file = "torchvision-0.10.1-cp37-cp37m-manylinux1_x86_64.whl", hash = "sha256:99d3e01e1d67d12bcc88e826431b70cad5b8e4729a277c04601f83358a120508"},
    {file = "torchvision-0.10.1-cp37-cp37m-win_amd64.whl", hash = "sha256:4ebffeee5468a0934952030eaba1de1dbb08154132235ee1d9049e41dfb1600d"},
    {file = "torchvision-0.10.1-cp38-cp38-macosx_10_9_x86_64.whl", hash = "sha256:d7c2d6c20244404fc9ca3568c88c305cb5a81d526d5912d52d22c64999bd4353"},
    {file = "torchvision-0.10.1-cp38-cp38-manylinux1_x86_64.whl", hash = "sha256:d6420bf21b9d0bdbabe55d64c8b11c61f8eb077948a55d5707946fcb17d97cec"},
    {file = "torchvision-0.10.1-cp38-cp38-win_amd64.whl", hash = "sha256:453e935212193e89b4bbb8d51082d8138631c2f8a420390284b1946d893df6eb"},
    {file = "torchvision-0.10.1-cp39-cp39-macosx_10_9_x86_64.whl", hash = "sha256:1c186f42b4f8aa9a01c56c3a758693b0447aa169afb9fba0051177f8fecbd691"},
    {file = "torchvision-0.10.1-cp39-cp39-manylinux1_x86_64.whl", hash = "sha256:ac8dfbe4933013dda898b815e2476ebbc35e3a16b9352dfdd66e773c77755bec"},
    {file = "torchvision-0.10.1-cp39-cp39-win_amd64.whl", hash = "sha256:6c8fe90213be4bce590ac9647b34db022d5d1ae94f309a733b9a64e65232173a"},
]
tqdm = [
    {file = "tqdm-4.63.1-py2.py3-none-any.whl", hash = "sha256:6461b009d6792008d0000e1b0c7ca50195ec78c0e808a3a6b668a56a3236c3a5"},
    {file = "tqdm-4.63.1.tar.gz", hash = "sha256:4230a49119a416c88cc47d0d2d32d5d90f1a282d5e497d49801950704e49863d"},
]
typing-extensions = [
    {file = "typing_extensions-4.1.1-py3-none-any.whl", hash = "sha256:21c85e0fe4b9a155d0799430b0ad741cdce7e359660ccbd8b530613e8df88ce2"},
    {file = "typing_extensions-4.1.1.tar.gz", hash = "sha256:1a9462dcc3347a79b1f1c0271fbe79e844580bb598bafa1ed208b94da3cdcd42"},
]
